// !$*UTF8*$!
{
	archiveVersion = 1;
	classes = {
	};
	objectVersion = 50;
	objects = {

/* Begin PBXBuildFile section */
		6F0885972303800A00159228 /* AppDelegate.swift in Sources */ = {isa = PBXBuildFile; fileRef = 6F0885962303800A00159228 /* AppDelegate.swift */; };
		6F08859C2303800B00159228 /* Main.storyboard in Resources */ = {isa = PBXBuildFile; fileRef = 6F08859A2303800B00159228 /* Main.storyboard */; };
		6F08859E2303800C00159228 /* Assets.xcassets in Resources */ = {isa = PBXBuildFile; fileRef = 6F08859D2303800C00159228 /* Assets.xcassets */; };
		6F0885A12303800C00159228 /* LaunchScreen.storyboard in Resources */ = {isa = PBXBuildFile; fileRef = 6F08859F2303800C00159228 /* LaunchScreen.storyboard */; };
		6F0885A92303805500159228 /* JsonData.json in Resources */ = {isa = PBXBuildFile; fileRef = 6F0885A82303805500159228 /* JsonData.json */; };
		6F0885AB2303815200159228 /* HandlerJson.swift in Sources */ = {isa = PBXBuildFile; fileRef = 6F0885AA2303815200159228 /* HandlerJson.swift */; };
		6F0885AF2304B6CB00159228 /* JsonTestTableViewController.swift in Sources */ = {isa = PBXBuildFile; fileRef = 6F0885AE2304B6CB00159228 /* JsonTestTableViewController.swift */; };
		6F0885B12304BB3600159228 /* TestTableViewCell.swift in Sources */ = {isa = PBXBuildFile; fileRef = 6F0885B02304BB3600159228 /* TestTableViewCell.swift */; };
		6F0885B323059CD400159228 /* OldJson.swift in Sources */ = {isa = PBXBuildFile; fileRef = 6F0885B223059CD400159228 /* OldJson.swift */; };
/* End PBXBuildFile section */

/* Begin PBXFileReference section */
		6F0885932303800A00159228 /* JsonTest.app */ = {isa = PBXFileReference; explicitFileType = wrapper.application; includeInIndex = 0; path = JsonTest.app; sourceTree = BUILT_PRODUCTS_DIR; };
		6F0885962303800A00159228 /* AppDelegate.swift */ = {isa = PBXFileReference; lastKnownFileType = sourcecode.swift; path = AppDelegate.swift; sourceTree = "<group>"; };
		6F08859B2303800B00159228 /* Base */ = {isa = PBXFileReference; lastKnownFileType = file.storyboard; name = Base; path = Base.lproj/Main.storyboard; sourceTree = "<group>"; };
		6F08859D2303800C00159228 /* Assets.xcassets */ = {isa = PBXFileReference; lastKnownFileType = folder.assetcatalog; path = Assets.xcassets; sourceTree = "<group>"; };
		6F0885A02303800C00159228 /* Base */ = {isa = PBXFileReference; lastKnownFileType = file.storyboard; name = Base; path = Base.lproj/LaunchScreen.storyboard; sourceTree = "<group>"; };
		6F0885A22303800C00159228 /* Info.plist */ = {isa = PBXFileReference; lastKnownFileType = text.plist.xml; path = Info.plist; sourceTree = "<group>"; };
		6F0885A82303805500159228 /* JsonData.json */ = {isa = PBXFileReference; lastKnownFileType = text.json; path = JsonData.json; sourceTree = "<group>"; };
		6F0885AA2303815200159228 /* HandlerJson.swift */ = {isa = PBXFileReference; lastKnownFileType = sourcecode.swift; path = HandlerJson.swift; sourceTree = "<group>"; };
		6F0885AE2304B6CB00159228 /* JsonTestTableViewController.swift */ = {isa = PBXFileReference; lastKnownFileType = sourcecode.swift; path = JsonTestTableViewController.swift; sourceTree = "<group>"; };
		6F0885B02304BB3600159228 /* TestTableViewCell.swift */ = {isa = PBXFileReference; lastKnownFileType = sourcecode.swift; path = TestTableViewCell.swift; sourceTree = "<group>"; };
		6F0885B223059CD400159228 /* OldJson.swift */ = {isa = PBXFileReference; lastKnownFileType = sourcecode.swift; path = OldJson.swift; sourceTree = "<group>"; };
/* End PBXFileReference section */

/* Begin PBXFrameworksBuildPhase section */
		6F0885902303800A00159228 /* Frameworks */ = {
			isa = PBXFrameworksBuildPhase;
			buildActionMask = 2147483647;
			files = (
			);
			runOnlyForDeploymentPostprocessing = 0;
		};
/* End PBXFrameworksBuildPhase section */

/* Begin PBXGroup section */
		6F08858A2303800A00159228 = {
			isa = PBXGroup;
			children = (
				6F0885952303800A00159228 /* JsonTest */,
				6F0885942303800A00159228 /* Products */,
			);
			sourceTree = "<group>";
		};
		6F0885942303800A00159228 /* Products */ = {
			isa = PBXGroup;
			children = (
				6F0885932303800A00159228 /* JsonTest.app */,
			);
			name = Products;
			sourceTree = "<group>";
		};
		6F0885952303800A00159228 /* JsonTest */ = {
			isa = PBXGroup;
			children = (
				6F0885962303800A00159228 /* AppDelegate.swift */,
				6F0885A82303805500159228 /* JsonData.json */,
				6F0885AA2303815200159228 /* HandlerJson.swift */,
				6F0885B223059CD400159228 /* OldJson.swift */,
				6F0885AE2304B6CB00159228 /* JsonTestTableViewController.swift */,
				6F0885B02304BB3600159228 /* TestTableViewCell.swift */,
				6F08859A2303800B00159228 /* Main.storyboard */,
				6F08859D2303800C00159228 /* Assets.xcassets */,
				6F08859F2303800C00159228 /* LaunchScreen.storyboard */,
				6F0885A22303800C00159228 /* Info.plist */,
			);
			path = JsonTest;
			sourceTree = "<group>";
		};
/* End PBXGroup section */

/* Begin PBXNativeTarget section */
		6F0885922303800A00159228 /* JsonTest */ = {
			isa = PBXNativeTarget;
			buildConfigurationList = 6F0885A52303800C00159228 /* Build configuration list for PBXNativeTarget "JsonTest" */;
			buildPhases = (
				6F08858F2303800A00159228 /* Sources */,
				6F0885902303800A00159228 /* Frameworks */,
				6F0885912303800A00159228 /* Resources */,
			);
			buildRules = (
			);
			dependencies = (
			);
			name = JsonTest;
			productName = JsonTest;
			productReference = 6F0885932303800A00159228 /* JsonTest.app */;
			productType = "com.apple.product-type.application";
		};
/* End PBXNativeTarget section */

/* Begin PBXProject section */
		6F08858B2303800A00159228 /* Project object */ = {
			isa = PBXProject;
			attributes = {
				LastSwiftUpdateCheck = 1030;
				LastUpgradeCheck = 1030;
				ORGANIZATIONNAME = "Nathalia Melare";
				TargetAttributes = {
					6F0885922303800A00159228 = {
						CreatedOnToolsVersion = 10.3;
					};
				};
			};
			buildConfigurationList = 6F08858E2303800A00159228 /* Build configuration list for PBXProject "JsonTest" */;
			compatibilityVersion = "Xcode 9.3";
			developmentRegion = en;
			hasScannedForEncodings = 0;
			knownRegions = (
				en,
				Base,
			);
			mainGroup = 6F08858A2303800A00159228;
			productRefGroup = 6F0885942303800A00159228 /* Products */;
			projectDirPath = "";
			projectRoot = "";
			targets = (
				6F0885922303800A00159228 /* JsonTest */,
			);
		};
/* End PBXProject section */

/* Begin PBXResourcesBuildPhase section */
		6F0885912303800A00159228 /* Resources */ = {
			isa = PBXResourcesBuildPhase;
			buildActionMask = 2147483647;
			files = (
				6F0885A12303800C00159228 /* LaunchScreen.storyboard in Resources */,
				6F0885A92303805500159228 /* JsonData.json in Resources */,
				6F08859E2303800C00159228 /* Assets.xcassets in Resources */,
				6F08859C2303800B00159228 /* Main.storyboard in Resources */,
			);
			runOnlyForDeploymentPostprocessing = 0;
		};
/* End PBXResourcesBuildPhase section */

/* Begin PBXSourcesBuildPhase section */
		6F08858F2303800A00159228 /* Sources */ = {
			isa = PBXSourcesBuildPhase;
			buildActionMask = 2147483647;
			files = (
				6F0885AB2303815200159228 /* HandlerJson.swift in Sources */,
				6F0885B12304BB3600159228 /* TestTableViewCell.swift in Sources */,
				6F0885B323059CD400159228 /* OldJson.swift in Sources */,
				6F0885AF2304B6CB00159228 /* JsonTestTableViewController.swift in Sources */,
				6F0885972303800A00159228 /* AppDelegate.swift in Sources */,
			);
			runOnlyForDeploymentPostprocessing = 0;
		};
/* End PBXSourcesBuildPhase section */

/* Begin PBXVariantGroup section */
		6F08859A2303800B00159228 /* Main.storyboard */ = {
			isa = PBXVariantGroup;
			children = (
				6F08859B2303800B00159228 /* Base */,
			);
			name = Main.storyboard;
			sourceTree = "<group>";
		};
		6F08859F2303800C00159228 /* LaunchScreen.storyboard */ = {
			isa = PBXVariantGroup;
			children = (
				6F0885A02303800C00159228 /* Base */,
			);
			name = LaunchScreen.storyboard;
			sourceTree = "<group>";
		};
/* End PBXVariantGroup section */

/* Begin XCBuildConfiguration section */
		6F0885A32303800C00159228 /* Debug */ = {
			isa = XCBuildConfiguration;
			buildSettings = {
				ALWAYS_SEARCH_USER_PATHS = NO;
				CLANG_ANALYZER_NONNULL = YES;
				CLANG_ANALYZER_NUMBER_OBJECT_CONVERSION = YES_AGGRESSIVE;
				CLANG_CXX_LANGUAGE_STANDARD = "gnu++14";
				CLANG_CXX_LIBRARY = "libc++";
				CLANG_ENABLE_MODULES = YES;
				CLANG_ENABLE_OBJC_ARC = YES;
				CLANG_ENABLE_OBJC_WEAK = YES;
				CLANG_WARN_BLOCK_CAPTURE_AUTORELEASING = YES;
				CLANG_WARN_BOOL_CONVERSION = YES;
				CLANG_WARN_COMMA = YES;
				CLANG_WARN_CONSTANT_CONVERSION = YES;
				CLANG_WARN_DEPRECATED_OBJC_IMPLEMENTATIONS = YES;
				CLANG_WARN_DIRECT_OBJC_ISA_USAGE = YES_ERROR;
				CLANG_WARN_DOCUMENTATION_COMMENTS = YES;
				CLANG_WARN_EMPTY_BODY = YES;
				CLANG_WARN_ENUM_CONVERSION = YES;
				CLANG_WARN_INFINITE_RECURSION = YES;
				CLANG_WARN_INT_CONVERSION = YES;
				CLANG_WARN_NON_LITERAL_NULL_CONVERSION = YES;
				CLANG_WARN_OBJC_IMPLICIT_RETAIN_SELF = YES;
				CLANG_WARN_OBJC_LITERAL_CONVERSION = YES;
				CLANG_WARN_OBJC_ROOT_CLASS = YES_ERROR;
				CLANG_WARN_RANGE_LOOP_ANALYSIS = YES;
				CLANG_WARN_STRICT_PROTOTYPES = YES;
				CLANG_WARN_SUSPICIOUS_MOVE = YES;
				CLANG_WARN_UNGUARDED_AVAILABILITY = YES_AGGRESSIVE;
				CLANG_WARN_UNREACHABLE_CODE = YES;
				CLANG_WARN__DUPLICATE_METHOD_MATCH = YES;
				CODE_SIGN_IDENTITY = "iPhone Developer";
				COPY_PHASE_STRIP = NO;
				DEBUG_INFORMATION_FORMAT = dwarf;
				ENABLE_STRICT_OBJC_MSGSEND = YES;
				ENABLE_TESTABILITY = YES;
				GCC_C_LANGUAGE_STANDARD = gnu11;
				GCC_DYNAMIC_NO_PIC = NO;
				GCC_NO_COMMON_BLOCKS = YES;
				GCC_OPTIMIZATION_LEVEL = 0;
				GCC_PREPROCESSOR_DEFINITIONS = (
					"DEBUG=1",
					"$(inherited)",
				);
				GCC_WARN_64_TO_32_BIT_CONVERSION = YES;
				GCC_WARN_ABOUT_RETURN_TYPE = YES_ERROR;
				GCC_WARN_UNDECLARED_SELECTOR = YES;
				GCC_WARN_UNINITIALIZED_AUTOS = YES_AGGRESSIVE;
				GCC_WARN_UNUSED_FUNCTION = YES;
				GCC_WARN_UNUSED_VARIABLE = YES;
				IPHONEOS_DEPLOYMENT_TARGET = 12.4;
				MTL_ENABLE_DEBUG_INFO = INCLUDE_SOURCE;
				MTL_FAST_MATH = YES;
				ONLY_ACTIVE_ARCH = YES;
				SDKROOT = iphoneos;
				SWIFT_ACTIVE_COMPILATION_CONDITIONS = DEBUG;
				SWIFT_OPTIMIZATION_LEVEL = "-Onone";
			};
			name = Debug;
		};
		6F0885A42303800C00159228 /* Release */ = {
			isa = XCBuildConfiguration;
			buildSettings = {
				ALWAYS_SEARCH_USER_PATHS = NO;
				CLANG_ANALYZER_NONNULL = YES;
				CLANG_ANALYZER_NUMBER_OBJECT_CONVERSION = YES_AGGRESSIVE;
				CLANG_CXX_LANGUAGE_STANDARD = "gnu++14";
				CLANG_CXX_LIBRARY = "libc++";
				CLANG_ENABLE_MODULES = YES;
				CLANG_ENABLE_OBJC_ARC = YES;
				CLANG_ENABLE_OBJC_WEAK = YES;
				CLANG_WARN_BLOCK_CAPTURE_AUTORELEASING = YES;
				CLANG_WARN_BOOL_CONVERSION = YES;
				CLANG_WARN_COMMA = YES;
				CLANG_WARN_CONSTANT_CONVERSION = YES;
				CLANG_WARN_DEPRECATED_OBJC_IMPLEMENTATIONS = YES;
				CLANG_WARN_DIRECT_OBJC_ISA_USAGE = YES_ERROR;
				CLANG_WARN_DOCUMENTATION_COMMENTS = YES;
				CLANG_WARN_EMPTY_BODY = YES;
				CLANG_WARN_ENUM_CONVERSION = YES;
				CLANG_WARN_INFINITE_RECURSION = YES;
				CLANG_WARN_INT_CONVERSION = YES;
				CLANG_WARN_NON_LITERAL_NULL_CONVERSION = YES;
				CLANG_WARN_OBJC_IMPLICIT_RETAIN_SELF = YES;
				CLANG_WARN_OBJC_LITERAL_CONVERSION = YES;
				CLANG_WARN_OBJC_ROOT_CLASS = YES_ERROR;
				CLANG_WARN_RANGE_LOOP_ANALYSIS = YES;
				CLANG_WARN_STRICT_PROTOTYPES = YES;
				CLANG_WARN_SUSPICIOUS_MOVE = YES;
				CLANG_WARN_UNGUARDED_AVAILABILITY = YES_AGGRESSIVE;
				CLANG_WARN_UNREACHABLE_CODE = YES;
				CLANG_WARN__DUPLICATE_METHOD_MATCH = YES;
				CODE_SIGN_IDENTITY = "iPhone Developer";
				COPY_PHASE_STRIP = NO;
				DEBUG_INFORMATION_FORMAT = "dwarf-with-dsym";
				ENABLE_NS_ASSERTIONS = NO;
				ENABLE_STRICT_OBJC_MSGSEND = YES;
				GCC_C_LANGUAGE_STANDARD = gnu11;
				GCC_NO_COMMON_BLOCKS = YES;
				GCC_WARN_64_TO_32_BIT_CONVERSION = YES;
				GCC_WARN_ABOUT_RETURN_TYPE = YES_ERROR;
				GCC_WARN_UNDECLARED_SELECTOR = YES;
				GCC_WARN_UNINITIALIZED_AUTOS = YES_AGGRESSIVE;
				GCC_WARN_UNUSED_FUNCTION = YES;
				GCC_WARN_UNUSED_VARIABLE = YES;
				IPHONEOS_DEPLOYMENT_TARGET = 12.4;
				MTL_ENABLE_DEBUG_INFO = NO;
				MTL_FAST_MATH = YES;
				SDKROOT = iphoneos;
				SWIFT_COMPILATION_MODE = wholemodule;
				SWIFT_OPTIMIZATION_LEVEL = "-O";
				VALIDATE_PRODUCT = YES;
			};
			name = Release;
		};
		6F0885A62303800C00159228 /* Debug */ = {
			isa = XCBuildConfiguration;
			buildSettings = {
				ASSETCATALOG_COMPILER_APPICON_NAME = AppIcon;
				CODE_SIGN_STYLE = Automatic;
				INFOPLIST_FILE = JsonTest/Info.plist;
				LD_RUNPATH_SEARCH_PATHS = (
					"$(inherited)",
					"@executable_path/Frameworks",
				);
				PRODUCT_BUNDLE_IDENTIFIER = com.JsonTest;
				PRODUCT_NAME = "$(TARGET_NAME)";
				SWIFT_VERSION = 5.0;
				TARGETED_DEVICE_FAMILY = "1,2";
			};
			name = Debug;
		};
		6F0885A72303800C00159228 /* Release */ = {
			isa = XCBuildConfiguration;
			buildSettings = {
				ASSETCATALOG_COMPILER_APPICON_NAME = AppIcon;
				CODE_SIGN_STYLE = Automatic;
				INFOPLIST_FILE = JsonTest/Info.plist;
				LD_RUNPATH_SEARCH_PATHS = (
					"$(inherited)",
					"@executable_path/Frameworks",
				);
				PRODUCT_BUNDLE_IDENTIFIER = com.JsonTest;
				PRODUCT_NAME = "$(TARGET_NAME)";
				SWIFT_VERSION = 5.0;
				TARGETED_DEVICE_FAMILY = "1,2";
			};
			name = Release;
		};
/* End XCBuildConfiguration section */

/* Begin XCConfigurationList section */
		6F08858E2303800A00159228 /* Build configuration list for PBXProject "JsonTest" */ = {
			isa = XCConfigurationList;
			buildConfigurations = (
				6F0885A32303800C00159228 /* Debug */,
				6F0885A42303800C00159228 /* Release */,
			);
			defaultConfigurationIsVisible = 0;
			defaultConfigurationName = Release;
		};
		6F0885A52303800C00159228 /* Build configuration list for PBXNativeTarget "JsonTest" */ = {
			isa = XCConfigurationList;
			buildConfigurations = (
				6F0885A62303800C00159228 /* Debug */,
				6F0885A72303800C00159228 /* Release */,
			);
			defaultConfigurationIsVisible = 0;
			defaultConfigurationName = Release;
		};
/* End XCConfigurationList section */
	};
	rootObject = 6F08858B2303800A00159228 /* Project object */;
}
